
Microsoft Visual Studio Solution File, Format Version 12.00
# Visual Studio Version 17
VisualStudioVersion = 17.5.002.0
MinimumVisualStudioVersion = 10.0.40219.1
Project("{9A19103F-16F7-4668-BE54-9A1E7A4F7556}") = "FileUploadApp", "FileUploadApp.csproj", "{8668CB87-DA52-42C8-A393-FDE244585D4C}"
EndProject
Global
	GlobalSection(SolutionConfigurationPlatforms) = preSolution
		Debug|Any CPU = Debug|Any CPU
		Release|Any CPU = Release|Any CPU
	EndGlobalSection
	GlobalSection(ProjectConfigurationPlatforms) = postSolution
		{8668CB87-DA52-42C8-A393-FDE244585D4C}.Debug|Any CPU.ActiveCfg = Debug|Any CPU
		{8668CB87-DA52-42C8-A393-FDE244585D4C}.Debug|Any CPU.Build.0 = Debug|Any CPU
		{8668CB87-DA52-42C8-A393-FDE244585D4C}.Release|Any CPU.ActiveCfg = Release|Any CPU
		{8668CB87-DA52-42C8-A393-FDE244585D4C}.Release|Any CPU.Build.0 = Release|Any CPU
	EndGlobalSection
	GlobalSection(SolutionProperties) = preSolution
		HideSolutionNode = FALSE
	EndGlobalSection
	GlobalSection(ExtensibilityGlobals) = postSolution
		SolutionGuid = {3617F28F-E84F-47B4-AD37-24AB9E6D83E8}
	EndGlobalSection
EndGlobal
